# This file is automatically @generated by Cargo.
# It is not intended for manual editing.
[[package]]
name = "cc"
version = "1.0.48"
source = "registry+https://github.com/rust-lang/crates.io-index"

[[package]]
name = "enclave1"
version = "0.1.0"
dependencies = [
 "cc 1.0.48 (registry+https://github.com/rust-lang/crates.io-index)",
 "sgx_types 1.1.0 (git+https://github.com/apache/teaclave-sgx-sdk.git)",
 "sgx_urts 1.1.0 (git+https://github.com/apache/teaclave-sgx-sdk.git)",
]

[[package]]
name = "enclave2"
version = "0.1.0"
dependencies = [
 "cc 1.0.48 (registry+https://github.com/rust-lang/crates.io-index)",
 "sgx_types 1.1.0 (git+https://github.com/apache/teaclave-sgx-sdk.git)",
 "sgx_urts 1.1.0 (git+https://github.com/apache/teaclave-sgx-sdk.git)",
]

[[package]]
name = "libc"
version = "0.2.66"
source = "registry+https://github.com/rust-lang/crates.io-index"

[[package]]
name = "server"
version = "0.1.0"
dependencies = [
 "enclave1 0.1.0",
 "enclave2 0.1.0",
]

[[package]]
name = "sgx_types"
version = "1.1.0"
source = "git+https://github.com/apache/teaclave-sgx-sdk.git#4508450be2c6e169bc592b9d8c6ab3802eb2d557"

[[package]]
name = "sgx_urts"
version = "1.1.0"
source = "git+https://github.com/apache/teaclave-sgx-sdk.git#4508450be2c6e169bc592b9d8c6ab3802eb2d557"
dependencies = [
 "libc 0.2.66 (registry+https://github.com/rust-lang/crates.io-index)",
 "sgx_types 1.1.0 (git+https://github.com/apache/teaclave-sgx-sdk.git)",
]

[metadata]
"checksum cc 1.0.48 (registry+https://github.com/rust-lang/crates.io-index)" = "f52a465a666ca3d838ebbf08b241383421412fe7ebb463527bba275526d89f76"
"checksum libc 0.2.66 (registry+https://github.com/rust-lang/crates.io-index)" = "d515b1f41455adea1313a4a2ac8a8a477634fbae63cc6100e3aebb207ce61558"
"checksum sgx_types 1.1.0 (git+https://github.com/apache/teaclave-sgx-sdk.git)" = "<none>"
"checksum sgx_urts 1.1.0 (git+https://github.com/apache/teaclave-sgx-sdk.git)" = "<none>"
